// !$*UTF8*$!
{
	archiveVersion = 1;
	classes = {
	};
	objectVersion = 55;
	objects = {

/* Begin PBXBuildFile section */
		090136C0288156D5006166B4 /* AppDelegate.swift in Sources */ = {isa = PBXBuildFile; fileRef = 090136BF288156D5006166B4 /* AppDelegate.swift */; };
		090136C2288156D5006166B4 /* SceneDelegate.swift in Sources */ = {isa = PBXBuildFile; fileRef = 090136C1288156D5006166B4 /* SceneDelegate.swift */; };
		090136C4288156D5006166B4 /* ComponentListViewController.swift in Sources */ = {isa = PBXBuildFile; fileRef = 090136C3288156D5006166B4 /* ComponentListViewController.swift */; };
		090136C7288156D5006166B4 /* Main.storyboard in Resources */ = {isa = PBXBuildFile; fileRef = 090136C5288156D5006166B4 /* Main.storyboard */; };
		090136C9288156D5006166B4 /* Assets.xcassets in Resources */ = {isa = PBXBuildFile; fileRef = 090136C8288156D5006166B4 /* Assets.xcassets */; };
		090136CC288156D5006166B4 /* LaunchScreen.storyboard in Resources */ = {isa = PBXBuildFile; fileRef = 090136CA288156D5006166B4 /* LaunchScreen.storyboard */; };
		090136D7288156D5006166B4 /* iOSComponentDemoTests.swift in Sources */ = {isa = PBXBuildFile; fileRef = 090136D6288156D5006166B4 /* iOSComponentDemoTests.swift */; };
		090136E1288156D5006166B4 /* iOSComponentDemoUITests.swift in Sources */ = {isa = PBXBuildFile; fileRef = 090136E0288156D5006166B4 /* iOSComponentDemoUITests.swift */; };
		090136E3288156D5006166B4 /* iOSComponentDemoUITestsLaunchTests.swift in Sources */ = {isa = PBXBuildFile; fileRef = 090136E2288156D5006166B4 /* iOSComponentDemoUITestsLaunchTests.swift */; };
		09B200E52885BDD300A690C0 /* EncryptDecryptViewController.swift in Sources */ = {isa = PBXBuildFile; fileRef = 09B200E42885BDD300A690C0 /* EncryptDecryptViewController.swift */; };
		09B200E62885BDD300A690C0 /* EncryptDecryptViewController.swift in Sources */ = {isa = PBXBuildFile; fileRef = 09B200E42885BDD300A690C0 /* EncryptDecryptViewController.swift */; };
		09B200E72885BDD300A690C0 /* EncryptDecryptViewController.swift in Sources */ = {isa = PBXBuildFile; fileRef = 09B200E42885BDD300A690C0 /* EncryptDecryptViewController.swift */; };
		49F7F248288569CA00B5825A /* ComponentListTableViewCell.swift in Sources */ = {isa = PBXBuildFile; fileRef = 49F7F247288569CA00B5825A /* ComponentListTableViewCell.swift */; };
		9310C550197F5BDCC5312D07 /* Pods_iOSComponentDemo.framework in Frameworks */ = {isa = PBXBuildFile; fileRef = DDF024DEB0877177C6626624 /* Pods_iOSComponentDemo.framework */; };
		D721B1A54554DBF6546ED48F /* Pods_iOSComponentDemoTests.framework in Frameworks */ = {isa = PBXBuildFile; fileRef = 1EB3CAF26DA4C1C7B29FB1D7 /* Pods_iOSComponentDemoTests.framework */; };
		F1D2EDA1DA5C2AEC9CA765A9 /* Pods_iOSComponentDemo_iOSComponentDemoUITests.framework in Frameworks */ = {isa = PBXBuildFile; fileRef = F39AEAE37DDE00E6B8B5340F /* Pods_iOSComponentDemo_iOSComponentDemoUITests.framework */; };
/* End PBXBuildFile section */

/* Begin PBXContainerItemProxy section */
		090136D3288156D5006166B4 /* PBXContainerItemProxy */ = {
			isa = PBXContainerItemProxy;
			containerPortal = 090136B4288156D4006166B4 /* Project object */;
			proxyType = 1;
			remoteGlobalIDString = 090136BB288156D5006166B4;
			remoteInfo = iOSComponentDemo;
		};
		090136DD288156D5006166B4 /* PBXContainerItemProxy */ = {
			isa = PBXContainerItemProxy;
			containerPortal = 090136B4288156D4006166B4 /* Project object */;
			proxyType = 1;
			remoteGlobalIDString = 090136BB288156D5006166B4;
			remoteInfo = iOSComponentDemo;
		};
/* End PBXContainerItemProxy section */

/* Begin PBXFileReference section */
		090136BF288156D5006166B4 /* AppDelegate.swift */ = {isa = PBXFileReference; lastKnownFileType = sourcecode.swift; path = AppDelegate.swift; sourceTree = "<group>"; };
		090136C1288156D5006166B4 /* SceneDelegate.swift */ = {isa = PBXFileReference; lastKnownFileType = sourcecode.swift; path = SceneDelegate.swift; sourceTree = "<group>"; };
		090136C3288156D5006166B4 /* ComponentListViewController.swift */ = {isa = PBXFileReference; lastKnownFileType = sourcecode.swift; path = ComponentListViewController.swift; sourceTree = "<group>"; };
		090136C6288156D5006166B4 /* Base */ = {isa = PBXFileReference; lastKnownFileType = file.storyboard; name = Base; path = Base.lproj/Main.storyboard; sourceTree = "<group>"; };
		090136C8288156D5006166B4 /* Assets.xcassets */ = {isa = PBXFileReference; lastKnownFileType = folder.assetcatalog; path = Assets.xcassets; sourceTree = "<group>"; };
		090136CB288156D5006166B4 /* Base */ = {isa = PBXFileReference; lastKnownFileType = file.storyboard; name = Base; path = Base.lproj/LaunchScreen.storyboard; sourceTree = "<group>"; };
		090136CD288156D5006166B4 /* Info.plist */ = {isa = PBXFileReference; lastKnownFileType = text.plist.xml; path = Info.plist; sourceTree = "<group>"; };
		090136D6288156D5006166B4 /* iOSComponentDemoTests.swift */ = {isa = PBXFileReference; lastKnownFileType = sourcecode.swift; path = iOSComponentDemoTests.swift; sourceTree = "<group>"; };
		090136E0288156D5006166B4 /* iOSComponentDemoUITests.swift */ = {isa = PBXFileReference; lastKnownFileType = sourcecode.swift; path = iOSComponentDemoUITests.swift; sourceTree = "<group>"; };
		090136E2288156D5006166B4 /* iOSComponentDemoUITestsLaunchTests.swift */ = {isa = PBXFileReference; lastKnownFileType = sourcecode.swift; path = iOSComponentDemoUITestsLaunchTests.swift; sourceTree = "<group>"; };
		09B200E42885BDD300A690C0 /* EncryptDecryptViewController.swift */ = {isa = PBXFileReference; lastKnownFileType = sourcecode.swift; path = EncryptDecryptViewController.swift; sourceTree = "<group>"; };
		09E0A2352886B3830013B206 /* iOSComponentDemo.app */ = {isa = PBXFileReference; explicitFileType = wrapper.application; includeInIndex = 0; path = iOSComponentDemo.app; sourceTree = BUILT_PRODUCTS_DIR; };
		09E0A2362886B3830013B206 /* iOSComponentDemoTests.xctest */ = {isa = PBXFileReference; explicitFileType = wrapper.cfbundle; includeInIndex = 0; path = iOSComponentDemoTests.xctest; sourceTree = BUILT_PRODUCTS_DIR; };
		09E0A2372886B3830013B206 /* iOSComponentDemoUITests.xctest */ = {isa = PBXFileReference; explicitFileType = wrapper.cfbundle; includeInIndex = 0; path = iOSComponentDemoUITests.xctest; sourceTree = BUILT_PRODUCTS_DIR; };
		1C6D53D005228BC2EAC30AFD /* Pods-iOSComponentDemo.debug.xcconfig */ = {isa = PBXFileReference; includeInIndex = 1; lastKnownFileType = text.xcconfig; name = "Pods-iOSComponentDemo.debug.xcconfig"; path = "Target Support Files/Pods-iOSComponentDemo/Pods-iOSComponentDemo.debug.xcconfig"; sourceTree = "<group>"; };
		1EB3CAF26DA4C1C7B29FB1D7 /* Pods_iOSComponentDemoTests.framework */ = {isa = PBXFileReference; explicitFileType = wrapper.framework; includeInIndex = 0; path = Pods_iOSComponentDemoTests.framework; sourceTree = BUILT_PRODUCTS_DIR; };
		38A77D214B7A961E14893316 /* Pods-iOSComponentDemoTests.release.xcconfig */ = {isa = PBXFileReference; includeInIndex = 1; lastKnownFileType = text.xcconfig; name = "Pods-iOSComponentDemoTests.release.xcconfig"; path = "Target Support Files/Pods-iOSComponentDemoTests/Pods-iOSComponentDemoTests.release.xcconfig"; sourceTree = "<group>"; };
		3A779EA8685406FA1F453162 /* Pods-iOSComponentDemo.release.xcconfig */ = {isa = PBXFileReference; includeInIndex = 1; lastKnownFileType = text.xcconfig; name = "Pods-iOSComponentDemo.release.xcconfig"; path = "Target Support Files/Pods-iOSComponentDemo/Pods-iOSComponentDemo.release.xcconfig"; sourceTree = "<group>"; };
		49F7F247288569CA00B5825A /* ComponentListTableViewCell.swift */ = {isa = PBXFileReference; fileEncoding = 4; lastKnownFileType = sourcecode.swift; path = ComponentListTableViewCell.swift; sourceTree = "<group>"; };
		719C36780E412F4B8AA6E14B /* Pods-iOSComponentDemo-iOSComponentDemoUITests.debug.xcconfig */ = {isa = PBXFileReference; includeInIndex = 1; lastKnownFileType = text.xcconfig; name = "Pods-iOSComponentDemo-iOSComponentDemoUITests.debug.xcconfig"; path = "Target Support Files/Pods-iOSComponentDemo-iOSComponentDemoUITests/Pods-iOSComponentDemo-iOSComponentDemoUITests.debug.xcconfig"; sourceTree = "<group>"; };
		7E5D8A60354732CEE1E34015 /* Pods-iOSComponentDemoTests.debug.xcconfig */ = {isa = PBXFileReference; includeInIndex = 1; lastKnownFileType = text.xcconfig; name = "Pods-iOSComponentDemoTests.debug.xcconfig"; path = "Target Support Files/Pods-iOSComponentDemoTests/Pods-iOSComponentDemoTests.debug.xcconfig"; sourceTree = "<group>"; };
		7E6AAFD0531DB1C08DD0D277 /* Pods-iOSComponentDemo-iOSComponentDemoUITests.release.xcconfig */ = {isa = PBXFileReference; includeInIndex = 1; lastKnownFileType = text.xcconfig; name = "Pods-iOSComponentDemo-iOSComponentDemoUITests.release.xcconfig"; path = "Target Support Files/Pods-iOSComponentDemo-iOSComponentDemoUITests/Pods-iOSComponentDemo-iOSComponentDemoUITests.release.xcconfig"; sourceTree = "<group>"; };
		DDF024DEB0877177C6626624 /* Pods_iOSComponentDemo.framework */ = {isa = PBXFileReference; explicitFileType = wrapper.framework; includeInIndex = 0; path = Pods_iOSComponentDemo.framework; sourceTree = BUILT_PRODUCTS_DIR; };
		F39AEAE37DDE00E6B8B5340F /* Pods_iOSComponentDemo_iOSComponentDemoUITests.framework */ = {isa = PBXFileReference; explicitFileType = wrapper.framework; includeInIndex = 0; path = Pods_iOSComponentDemo_iOSComponentDemoUITests.framework; sourceTree = BUILT_PRODUCTS_DIR; };
/* End PBXFileReference section */

/* Begin PBXFrameworksBuildPhase section */
		090136B9288156D5006166B4 /* Frameworks */ = {
			isa = PBXFrameworksBuildPhase;
			buildActionMask = 2147483647;
			files = (
				9310C550197F5BDCC5312D07 /* Pods_iOSComponentDemo.framework in Frameworks */,
			);
			runOnlyForDeploymentPostprocessing = 0;
		};
		090136CF288156D5006166B4 /* Frameworks */ = {
			isa = PBXFrameworksBuildPhase;
			buildActionMask = 2147483647;
			files = (
				D721B1A54554DBF6546ED48F /* Pods_iOSComponentDemoTests.framework in Frameworks */,
			);
			runOnlyForDeploymentPostprocessing = 0;
		};
		090136D9288156D5006166B4 /* Frameworks */ = {
			isa = PBXFrameworksBuildPhase;
			buildActionMask = 2147483647;
			files = (
				F1D2EDA1DA5C2AEC9CA765A9 /* Pods_iOSComponentDemo_iOSComponentDemoUITests.framework in Frameworks */,
			);
			runOnlyForDeploymentPostprocessing = 0;
		};
/* End PBXFrameworksBuildPhase section */

/* Begin PBXGroup section */
		090136B3288156D4006166B4 = {
			isa = PBXGroup;
			children = (
				090136BE288156D5006166B4 /* iOSComponentDemo */,
				090136D5288156D5006166B4 /* iOSComponentDemoTests */,
				090136DF288156D5006166B4 /* iOSComponentDemoUITests */,
				0A7DB34689702D5E9C97FE7E /* Pods */,
				C826F8AE4780F61B10879DBB /* Frameworks */,
				09E0A2352886B3830013B206 /* iOSComponentDemo.app */,
				09E0A2362886B3830013B206 /* iOSComponentDemoTests.xctest */,
				09E0A2372886B3830013B206 /* iOSComponentDemoUITests.xctest */,
			);
			sourceTree = "<group>";
		};
		090136BE288156D5006166B4 /* iOSComponentDemo */ = {
			isa = PBXGroup;
			children = (
				09B200E32885BDA900A690C0 /* ComponentViewControllers */,
				090136BF288156D5006166B4 /* AppDelegate.swift */,
				090136C1288156D5006166B4 /* SceneDelegate.swift */,
				49F7F24628855D5400B5825A /* ComponentList */,
				090136C5288156D5006166B4 /* Main.storyboard */,
				090136C8288156D5006166B4 /* Assets.xcassets */,
				090136CA288156D5006166B4 /* LaunchScreen.storyboard */,
				090136CD288156D5006166B4 /* Info.plist */,
			);
			path = iOSComponentDemo;
			sourceTree = "<group>";
		};
		090136D5288156D5006166B4 /* iOSComponentDemoTests */ = {
			isa = PBXGroup;
			children = (
				090136D6288156D5006166B4 /* iOSComponentDemoTests.swift */,
			);
			path = iOSComponentDemoTests;
			sourceTree = "<group>";
		};
		090136DF288156D5006166B4 /* iOSComponentDemoUITests */ = {
			isa = PBXGroup;
			children = (
				090136E0288156D5006166B4 /* iOSComponentDemoUITests.swift */,
				090136E2288156D5006166B4 /* iOSComponentDemoUITestsLaunchTests.swift */,
			);
			path = iOSComponentDemoUITests;
			sourceTree = "<group>";
		};
		09B200E32885BDA900A690C0 /* ComponentViewControllers */ = {
			isa = PBXGroup;
			children = (
				09B200E42885BDD300A690C0 /* EncryptDecryptViewController.swift */,
			);
			path = ComponentViewControllers;
			sourceTree = "<group>";
		};
		0A7DB34689702D5E9C97FE7E /* Pods */ = {
			isa = PBXGroup;
			children = (
				1C6D53D005228BC2EAC30AFD /* Pods-iOSComponentDemo.debug.xcconfig */,
				3A779EA8685406FA1F453162 /* Pods-iOSComponentDemo.release.xcconfig */,
				719C36780E412F4B8AA6E14B /* Pods-iOSComponentDemo-iOSComponentDemoUITests.debug.xcconfig */,
				7E6AAFD0531DB1C08DD0D277 /* Pods-iOSComponentDemo-iOSComponentDemoUITests.release.xcconfig */,
				7E5D8A60354732CEE1E34015 /* Pods-iOSComponentDemoTests.debug.xcconfig */,
				38A77D214B7A961E14893316 /* Pods-iOSComponentDemoTests.release.xcconfig */,
			);
			path = Pods;
			sourceTree = "<group>";
		};
		49F7F24628855D5400B5825A /* ComponentList */ = {
			isa = PBXGroup;
			children = (
				49F7F247288569CA00B5825A /* ComponentListTableViewCell.swift */,
				090136C3288156D5006166B4 /* ComponentListViewController.swift */,
			);
			path = ComponentList;
			sourceTree = "<group>";
		};
		C826F8AE4780F61B10879DBB /* Frameworks */ = {
			isa = PBXGroup;
			children = (
				DDF024DEB0877177C6626624 /* Pods_iOSComponentDemo.framework */,
				F39AEAE37DDE00E6B8B5340F /* Pods_iOSComponentDemo_iOSComponentDemoUITests.framework */,
				1EB3CAF26DA4C1C7B29FB1D7 /* Pods_iOSComponentDemoTests.framework */,
			);
			name = Frameworks;
			sourceTree = "<group>";
		};
/* End PBXGroup section */

/* Begin PBXNativeTarget section */
		090136BB288156D5006166B4 /* iOSComponentDemo */ = {
			isa = PBXNativeTarget;
			buildConfigurationList = 090136E6288156D5006166B4 /* Build configuration list for PBXNativeTarget "iOSComponentDemo" */;
			buildPhases = (
				1DAC04F26B0AAC3299F520EA /* [CP] Check Pods Manifest.lock */,
				090136B8288156D5006166B4 /* Sources */,
				090136B9288156D5006166B4 /* Frameworks */,
				090136BA288156D5006166B4 /* Resources */,
				19CF014A2A24C8D14A915AF0 /* [CP] Embed Pods Frameworks */,
			);
			buildRules = (
			);
			dependencies = (
			);
			name = iOSComponentDemo;
			productName = iOSComponentDemo;
			productReference = 09E0A2352886B3830013B206 /* iOSComponentDemo.app */;
			productType = "com.apple.product-type.application";
		};
		090136D1288156D5006166B4 /* iOSComponentDemoTests */ = {
			isa = PBXNativeTarget;
			buildConfigurationList = 090136E9288156D5006166B4 /* Build configuration list for PBXNativeTarget "iOSComponentDemoTests" */;
			buildPhases = (
				F8AAC15E2F6789EF5353BE8D /* [CP] Check Pods Manifest.lock */,
				090136CE288156D5006166B4 /* Sources */,
				090136CF288156D5006166B4 /* Frameworks */,
				090136D0288156D5006166B4 /* Resources */,
			);
			buildRules = (
			);
			dependencies = (
				090136D4288156D5006166B4 /* PBXTargetDependency */,
			);
			name = iOSComponentDemoTests;
			productName = iOSComponentDemoTests;
			productReference = 09E0A2362886B3830013B206 /* iOSComponentDemoTests.xctest */;
			productType = "com.apple.product-type.bundle.unit-test";
		};
		090136DB288156D5006166B4 /* iOSComponentDemoUITests */ = {
			isa = PBXNativeTarget;
			buildConfigurationList = 090136EC288156D5006166B4 /* Build configuration list for PBXNativeTarget "iOSComponentDemoUITests" */;
			buildPhases = (
				5B6F0DB0E1DE50E40CB5327A /* [CP] Check Pods Manifest.lock */,
				090136D8288156D5006166B4 /* Sources */,
				090136D9288156D5006166B4 /* Frameworks */,
				090136DA288156D5006166B4 /* Resources */,
				0CDE7DBF7F87E5CFAE64CF9A /* [CP] Embed Pods Frameworks */,
			);
			buildRules = (
			);
			dependencies = (
				090136DE288156D5006166B4 /* PBXTargetDependency */,
			);
			name = iOSComponentDemoUITests;
			productName = iOSComponentDemoUITests;
			productReference = 09E0A2372886B3830013B206 /* iOSComponentDemoUITests.xctest */;
			productType = "com.apple.product-type.bundle.ui-testing";
		};
/* End PBXNativeTarget section */

/* Begin PBXProject section */
		090136B4288156D4006166B4 /* Project object */ = {
			isa = PBXProject;
			attributes = {
				BuildIndependentTargetsInParallel = 1;
				LastSwiftUpdateCheck = 1340;
				LastUpgradeCheck = 1340;
				TargetAttributes = {
					090136BB288156D5006166B4 = {
						CreatedOnToolsVersion = 13.4.1;
					};
					090136D1288156D5006166B4 = {
						CreatedOnToolsVersion = 13.4.1;
						TestTargetID = 090136BB288156D5006166B4;
					};
					090136DB288156D5006166B4 = {
						CreatedOnToolsVersion = 13.4.1;
						TestTargetID = 090136BB288156D5006166B4;
					};
				};
			};
			buildConfigurationList = 090136B7288156D4006166B4 /* Build configuration list for PBXProject "iOSComponentDemo" */;
			compatibilityVersion = "Xcode 13.0";
			developmentRegion = en;
			hasScannedForEncodings = 0;
			knownRegions = (
				en,
				Base,
			);
			mainGroup = 090136B3288156D4006166B4;
			productRefGroup = 090136B3288156D4006166B4;
			projectDirPath = "";
			projectRoot = "";
			targets = (
				090136BB288156D5006166B4 /* iOSComponentDemo */,
				090136D1288156D5006166B4 /* iOSComponentDemoTests */,
				090136DB288156D5006166B4 /* iOSComponentDemoUITests */,
			);
		};
/* End PBXProject section */

/* Begin PBXResourcesBuildPhase section */
		090136BA288156D5006166B4 /* Resources */ = {
			isa = PBXResourcesBuildPhase;
			buildActionMask = 2147483647;
			files = (
				090136CC288156D5006166B4 /* LaunchScreen.storyboard in Resources */,
				090136C9288156D5006166B4 /* Assets.xcassets in Resources */,
				090136C7288156D5006166B4 /* Main.storyboard in Resources */,
			);
			runOnlyForDeploymentPostprocessing = 0;
		};
		090136D0288156D5006166B4 /* Resources */ = {
			isa = PBXResourcesBuildPhase;
			buildActionMask = 2147483647;
			files = (
			);
			runOnlyForDeploymentPostprocessing = 0;
		};
		090136DA288156D5006166B4 /* Resources */ = {
			isa = PBXResourcesBuildPhase;
			buildActionMask = 2147483647;
			files = (
			);
			runOnlyForDeploymentPostprocessing = 0;
		};
/* End PBXResourcesBuildPhase section */

/* Begin PBXShellScriptBuildPhase section */
		0CDE7DBF7F87E5CFAE64CF9A /* [CP] Embed Pods Frameworks */ = {
			isa = PBXShellScriptBuildPhase;
			buildActionMask = 2147483647;
			files = (
			);
			inputFileListPaths = (
				"${PODS_ROOT}/Target Support Files/Pods-iOSComponentDemo-iOSComponentDemoUITests/Pods-iOSComponentDemo-iOSComponentDemoUITests-frameworks-${CONFIGURATION}-input-files.xcfilelist",
			);
			name = "[CP] Embed Pods Frameworks";
			outputFileListPaths = (
				"${PODS_ROOT}/Target Support Files/Pods-iOSComponentDemo-iOSComponentDemoUITests/Pods-iOSComponentDemo-iOSComponentDemoUITests-frameworks-${CONFIGURATION}-output-files.xcfilelist",
			);
			runOnlyForDeploymentPostprocessing = 0;
			shellPath = /bin/sh;
			shellScript = "\"${PODS_ROOT}/Target Support Files/Pods-iOSComponentDemo-iOSComponentDemoUITests/Pods-iOSComponentDemo-iOSComponentDemoUITests-frameworks.sh\"\n";
			showEnvVarsInLog = 0;
		};
		19CF014A2A24C8D14A915AF0 /* [CP] Embed Pods Frameworks */ = {
			isa = PBXShellScriptBuildPhase;
			buildActionMask = 2147483647;
			files = (
			);
			inputFileListPaths = (
				"${PODS_ROOT}/Target Support Files/Pods-iOSComponentDemo/Pods-iOSComponentDemo-frameworks-${CONFIGURATION}-input-files.xcfilelist",
			);
			name = "[CP] Embed Pods Frameworks";
			outputFileListPaths = (
				"${PODS_ROOT}/Target Support Files/Pods-iOSComponentDemo/Pods-iOSComponentDemo-frameworks-${CONFIGURATION}-output-files.xcfilelist",
			);
			runOnlyForDeploymentPostprocessing = 0;
			shellPath = /bin/sh;
			shellScript = "\"${PODS_ROOT}/Target Support Files/Pods-iOSComponentDemo/Pods-iOSComponentDemo-frameworks.sh\"\n";
			showEnvVarsInLog = 0;
		};
		1DAC04F26B0AAC3299F520EA /* [CP] Check Pods Manifest.lock */ = {
			isa = PBXShellScriptBuildPhase;
			buildActionMask = 2147483647;
			files = (
			);
			inputFileListPaths = (
			);
			inputPaths = (
				"${PODS_PODFILE_DIR_PATH}/Podfile.lock",
				"${PODS_ROOT}/Manifest.lock",
			);
			name = "[CP] Check Pods Manifest.lock";
			outputFileListPaths = (
			);
			outputPaths = (
				"$(DERIVED_FILE_DIR)/Pods-iOSComponentDemo-checkManifestLockResult.txt",
			);
			runOnlyForDeploymentPostprocessing = 0;
			shellPath = /bin/sh;
			shellScript = "diff \"${PODS_PODFILE_DIR_PATH}/Podfile.lock\" \"${PODS_ROOT}/Manifest.lock\" > /dev/null\nif [ $? != 0 ] ; then\n    # print error to STDERR\n    echo \"error: The sandbox is not in sync with the Podfile.lock. Run 'pod install' or update your CocoaPods installation.\" >&2\n    exit 1\nfi\n# This output is used by Xcode 'outputs' to avoid re-running this script phase.\necho \"SUCCESS\" > \"${SCRIPT_OUTPUT_FILE_0}\"\n";
			showEnvVarsInLog = 0;
		};
		5B6F0DB0E1DE50E40CB5327A /* [CP] Check Pods Manifest.lock */ = {
			isa = PBXShellScriptBuildPhase;
			buildActionMask = 2147483647;
			files = (
			);
			inputFileListPaths = (
			);
			inputPaths = (
				"${PODS_PODFILE_DIR_PATH}/Podfile.lock",
				"${PODS_ROOT}/Manifest.lock",
			);
			name = "[CP] Check Pods Manifest.lock";
			outputFileListPaths = (
			);
			outputPaths = (
				"$(DERIVED_FILE_DIR)/Pods-iOSComponentDemo-iOSComponentDemoUITests-checkManifestLockResult.txt",
			);
			runOnlyForDeploymentPostprocessing = 0;
			shellPath = /bin/sh;
			shellScript = "diff \"${PODS_PODFILE_DIR_PATH}/Podfile.lock\" \"${PODS_ROOT}/Manifest.lock\" > /dev/null\nif [ $? != 0 ] ; then\n    # print error to STDERR\n    echo \"error: The sandbox is not in sync with the Podfile.lock. Run 'pod install' or update your CocoaPods installation.\" >&2\n    exit 1\nfi\n# This output is used by Xcode 'outputs' to avoid re-running this script phase.\necho \"SUCCESS\" > \"${SCRIPT_OUTPUT_FILE_0}\"\n";
			showEnvVarsInLog = 0;
		};
		F8AAC15E2F6789EF5353BE8D /* [CP] Check Pods Manifest.lock */ = {
			isa = PBXShellScriptBuildPhase;
			buildActionMask = 2147483647;
			files = (
			);
			inputFileListPaths = (
			);
			inputPaths = (
				"${PODS_PODFILE_DIR_PATH}/Podfile.lock",
				"${PODS_ROOT}/Manifest.lock",
			);
			name = "[CP] Check Pods Manifest.lock";
			outputFileListPaths = (
			);
			outputPaths = (
				"$(DERIVED_FILE_DIR)/Pods-iOSComponentDemoTests-checkManifestLockResult.txt",
			);
			runOnlyForDeploymentPostprocessing = 0;
			shellPath = /bin/sh;
			shellScript = "diff \"${PODS_PODFILE_DIR_PATH}/Podfile.lock\" \"${PODS_ROOT}/Manifest.lock\" > /dev/null\nif [ $? != 0 ] ; then\n    # print error to STDERR\n    echo \"error: The sandbox is not in sync with the Podfile.lock. Run 'pod install' or update your CocoaPods installation.\" >&2\n    exit 1\nfi\n# This output is used by Xcode 'outputs' to avoid re-running this script phase.\necho \"SUCCESS\" > \"${SCRIPT_OUTPUT_FILE_0}\"\n";
			showEnvVarsInLog = 0;
		};
/* End PBXShellScriptBuildPhase section */

/* Begin PBXSourcesBuildPhase section */
		090136B8288156D5006166B4 /* Sources */ = {
			isa = PBXSourcesBuildPhase;
			buildActionMask = 2147483647;
			files = (
				090136C4288156D5006166B4 /* ComponentListViewController.swift in Sources */,
				49F7F248288569CA00B5825A /* ComponentListTableViewCell.swift in Sources */,
				090136C0288156D5006166B4 /* AppDelegate.swift in Sources */,
				090136C2288156D5006166B4 /* SceneDelegate.swift in Sources */,
				09B200E52885BDD300A690C0 /* EncryptDecryptViewController.swift in Sources */,
			);
			runOnlyForDeploymentPostprocessing = 0;
		};
		090136CE288156D5006166B4 /* Sources */ = {
			isa = PBXSourcesBuildPhase;
			buildActionMask = 2147483647;
			files = (
				09B200E62885BDD300A690C0 /* EncryptDecryptViewController.swift in Sources */,
				090136D7288156D5006166B4 /* iOSComponentDemoTests.swift in Sources */,
			);
			runOnlyForDeploymentPostprocessing = 0;
		};
		090136D8288156D5006166B4 /* Sources */ = {
			isa = PBXSourcesBuildPhase;
			buildActionMask = 2147483647;
			files = (
				090136E1288156D5006166B4 /* iOSComponentDemoUITests.swift in Sources */,
				09B200E72885BDD300A690C0 /* EncryptDecryptViewController.swift in Sources */,
				090136E3288156D5006166B4 /* iOSComponentDemoUITestsLaunchTests.swift in Sources */,
			);
			runOnlyForDeploymentPostprocessing = 0;
		};
/* End PBXSourcesBuildPhase section */

/* Begin PBXTargetDependency section */
		090136D4288156D5006166B4 /* PBXTargetDependency */ = {
			isa = PBXTargetDependency;
			target = 090136BB288156D5006166B4 /* iOSComponentDemo */;
			targetProxy = 090136D3288156D5006166B4 /* PBXContainerItemProxy */;
		};
		090136DE288156D5006166B4 /* PBXTargetDependency */ = {
			isa = PBXTargetDependency;
			target = 090136BB288156D5006166B4 /* iOSComponentDemo */;
			targetProxy = 090136DD288156D5006166B4 /* PBXContainerItemProxy */;
		};
/* End PBXTargetDependency section */

/* Begin PBXVariantGroup section */
		090136C5288156D5006166B4 /* Main.storyboard */ = {
			isa = PBXVariantGroup;
			children = (
				090136C6288156D5006166B4 /* Base */,
			);
			name = Main.storyboard;
			sourceTree = "<group>";
		};
		090136CA288156D5006166B4 /* LaunchScreen.storyboard */ = {
			isa = PBXVariantGroup;
			children = (
				090136CB288156D5006166B4 /* Base */,
			);
			name = LaunchScreen.storyboard;
			sourceTree = "<group>";
		};
/* End PBXVariantGroup section */

/* Begin XCBuildConfiguration section */
		090136E4288156D5006166B4 /* Debug */ = {
			isa = XCBuildConfiguration;
			buildSettings = {
				ALWAYS_SEARCH_USER_PATHS = NO;
				CLANG_ANALYZER_NONNULL = YES;
				CLANG_ANALYZER_NUMBER_OBJECT_CONVERSION = YES_AGGRESSIVE;
				CLANG_CXX_LANGUAGE_STANDARD = "gnu++17";
				CLANG_ENABLE_MODULES = YES;
				CLANG_ENABLE_OBJC_ARC = YES;
				CLANG_ENABLE_OBJC_WEAK = YES;
				CLANG_WARN_BLOCK_CAPTURE_AUTORELEASING = YES;
				CLANG_WARN_BOOL_CONVERSION = YES;
				CLANG_WARN_COMMA = YES;
				CLANG_WARN_CONSTANT_CONVERSION = YES;
				CLANG_WARN_DEPRECATED_OBJC_IMPLEMENTATIONS = YES;
				CLANG_WARN_DIRECT_OBJC_ISA_USAGE = YES_ERROR;
				CLANG_WARN_DOCUMENTATION_COMMENTS = YES;
				CLANG_WARN_EMPTY_BODY = YES;
				CLANG_WARN_ENUM_CONVERSION = YES;
				CLANG_WARN_INFINITE_RECURSION = YES;
				CLANG_WARN_INT_CONVERSION = YES;
				CLANG_WARN_NON_LITERAL_NULL_CONVERSION = YES;
				CLANG_WARN_OBJC_IMPLICIT_RETAIN_SELF = YES;
				CLANG_WARN_OBJC_LITERAL_CONVERSION = YES;
				CLANG_WARN_OBJC_ROOT_CLASS = YES_ERROR;
				CLANG_WARN_QUOTED_INCLUDE_IN_FRAMEWORK_HEADER = YES;
				CLANG_WARN_RANGE_LOOP_ANALYSIS = YES;
				CLANG_WARN_STRICT_PROTOTYPES = YES;
				CLANG_WARN_SUSPICIOUS_MOVE = YES;
				CLANG_WARN_UNGUARDED_AVAILABILITY = YES_AGGRESSIVE;
				CLANG_WARN_UNREACHABLE_CODE = YES;
				CLANG_WARN__DUPLICATE_METHOD_MATCH = YES;
				COPY_PHASE_STRIP = NO;
				DEBUG_INFORMATION_FORMAT = dwarf;
				ENABLE_STRICT_OBJC_MSGSEND = YES;
				ENABLE_TESTABILITY = YES;
				GCC_C_LANGUAGE_STANDARD = gnu11;
				GCC_DYNAMIC_NO_PIC = NO;
				GCC_NO_COMMON_BLOCKS = YES;
				GCC_OPTIMIZATION_LEVEL = 0;
				GCC_PREPROCESSOR_DEFINITIONS = (
					"DEBUG=1",
					"$(inherited)",
				);
				GCC_WARN_64_TO_32_BIT_CONVERSION = YES;
				GCC_WARN_ABOUT_RETURN_TYPE = YES_ERROR;
				GCC_WARN_UNDECLARED_SELECTOR = YES;
				GCC_WARN_UNINITIALIZED_AUTOS = YES_AGGRESSIVE;
				GCC_WARN_UNUSED_FUNCTION = YES;
				GCC_WARN_UNUSED_VARIABLE = YES;
				IPHONEOS_DEPLOYMENT_TARGET = 15.5;
				MTL_ENABLE_DEBUG_INFO = INCLUDE_SOURCE;
				MTL_FAST_MATH = YES;
				ONLY_ACTIVE_ARCH = YES;
				SDKROOT = iphoneos;
				SWIFT_ACTIVE_COMPILATION_CONDITIONS = DEBUG;
				SWIFT_OPTIMIZATION_LEVEL = "-Onone";
			};
			name = Debug;
		};
		090136E5288156D5006166B4 /* Release */ = {
			isa = XCBuildConfiguration;
			buildSettings = {
				ALWAYS_SEARCH_USER_PATHS = NO;
				CLANG_ANALYZER_NONNULL = YES;
				CLANG_ANALYZER_NUMBER_OBJECT_CONVERSION = YES_AGGRESSIVE;
				CLANG_CXX_LANGUAGE_STANDARD = "gnu++17";
				CLANG_ENABLE_MODULES = YES;
				CLANG_ENABLE_OBJC_ARC = YES;
				CLANG_ENABLE_OBJC_WEAK = YES;
				CLANG_WARN_BLOCK_CAPTURE_AUTORELEASING = YES;
				CLANG_WARN_BOOL_CONVERSION = YES;
				CLANG_WARN_COMMA = YES;
				CLANG_WARN_CONSTANT_CONVERSION = YES;
				CLANG_WARN_DEPRECATED_OBJC_IMPLEMENTATIONS = YES;
				CLANG_WARN_DIRECT_OBJC_ISA_USAGE = YES_ERROR;
				CLANG_WARN_DOCUMENTATION_COMMENTS = YES;
				CLANG_WARN_EMPTY_BODY = YES;
				CLANG_WARN_ENUM_CONVERSION = YES;
				CLANG_WARN_INFINITE_RECURSION = YES;
				CLANG_WARN_INT_CONVERSION = YES;
				CLANG_WARN_NON_LITERAL_NULL_CONVERSION = YES;
				CLANG_WARN_OBJC_IMPLICIT_RETAIN_SELF = YES;
				CLANG_WARN_OBJC_LITERAL_CONVERSION = YES;
				CLANG_WARN_OBJC_ROOT_CLASS = YES_ERROR;
				CLANG_WARN_QUOTED_INCLUDE_IN_FRAMEWORK_HEADER = YES;
				CLANG_WARN_RANGE_LOOP_ANALYSIS = YES;
				CLANG_WARN_STRICT_PROTOTYPES = YES;
				CLANG_WARN_SUSPICIOUS_MOVE = YES;
				CLANG_WARN_UNGUARDED_AVAILABILITY = YES_AGGRESSIVE;
				CLANG_WARN_UNREACHABLE_CODE = YES;
				CLANG_WARN__DUPLICATE_METHOD_MATCH = YES;
				COPY_PHASE_STRIP = NO;
				DEBUG_INFORMATION_FORMAT = "dwarf-with-dsym";
				ENABLE_NS_ASSERTIONS = NO;
				ENABLE_STRICT_OBJC_MSGSEND = YES;
				GCC_C_LANGUAGE_STANDARD = gnu11;
				GCC_NO_COMMON_BLOCKS = YES;
				GCC_WARN_64_TO_32_BIT_CONVERSION = YES;
				GCC_WARN_ABOUT_RETURN_TYPE = YES_ERROR;
				GCC_WARN_UNDECLARED_SELECTOR = YES;
				GCC_WARN_UNINITIALIZED_AUTOS = YES_AGGRESSIVE;
				GCC_WARN_UNUSED_FUNCTION = YES;
				GCC_WARN_UNUSED_VARIABLE = YES;
				IPHONEOS_DEPLOYMENT_TARGET = 15.5;
				MTL_ENABLE_DEBUG_INFO = NO;
				MTL_FAST_MATH = YES;
				SDKROOT = iphoneos;
				SWIFT_COMPILATION_MODE = wholemodule;
				SWIFT_OPTIMIZATION_LEVEL = "-O";
				VALIDATE_PRODUCT = YES;
			};
			name = Release;
		};
		090136E7288156D5006166B4 /* Debug */ = {
			isa = XCBuildConfiguration;
			baseConfigurationReference = 1C6D53D005228BC2EAC30AFD /* Pods-iOSComponentDemo.debug.xcconfig */;
			buildSettings = {
				ASSETCATALOG_COMPILER_APPICON_NAME = AppIcon;
				ASSETCATALOG_COMPILER_GLOBAL_ACCENT_COLOR_NAME = AccentColor;
				CODE_SIGN_STYLE = Automatic;
				CURRENT_PROJECT_VERSION = 1;
				DEVELOPMENT_TEAM = YU6WB94747;
				GENERATE_INFOPLIST_FILE = YES;
				INFOPLIST_FILE = iOSComponentDemo/Info.plist;
				INFOPLIST_KEY_UIApplicationSupportsIndirectInputEvents = YES;
				INFOPLIST_KEY_UILaunchStoryboardName = LaunchScreen;
				INFOPLIST_KEY_UIMainStoryboardFile = Main;
				INFOPLIST_KEY_UISupportedInterfaceOrientations_iPad = "UIInterfaceOrientationPortrait UIInterfaceOrientationPortraitUpsideDown UIInterfaceOrientationLandscapeLeft UIInterfaceOrientationLandscapeRight";
				INFOPLIST_KEY_UISupportedInterfaceOrientations_iPhone = "UIInterfaceOrientationPortrait UIInterfaceOrientationLandscapeLeft UIInterfaceOrientationLandscapeRight";
				LD_RUNPATH_SEARCH_PATHS = (
					"$(inherited)",
					"@executable_path/Frameworks",
				);
				MARKETING_VERSION = 1.0;
				PRODUCT_BUNDLE_IDENTIFIER = Components.iOSComponentDemo;
				PRODUCT_NAME = "$(TARGET_NAME)";
				SWIFT_EMIT_LOC_STRINGS = YES;
				SWIFT_VERSION = 5.0;
				TARGETED_DEVICE_FAMILY = "1,2";
			};
			name = Debug;
		};
		090136E8288156D5006166B4 /* Release */ = {
			isa = XCBuildConfiguration;
			baseConfigurationReference = 3A779EA8685406FA1F453162 /* Pods-iOSComponentDemo.release.xcconfig */;
			buildSettings = {
				ASSETCATALOG_COMPILER_APPICON_NAME = AppIcon;
				ASSETCATALOG_COMPILER_GLOBAL_ACCENT_COLOR_NAME = AccentColor;
				CODE_SIGN_STYLE = Automatic;
				CURRENT_PROJECT_VERSION = 1;
				DEVELOPMENT_TEAM = YU6WB94747;
				GENERATE_INFOPLIST_FILE = YES;
				INFOPLIST_FILE = iOSComponentDemo/Info.plist;
				INFOPLIST_KEY_UIApplicationSupportsIndirectInputEvents = YES;
				INFOPLIST_KEY_UILaunchStoryboardName = LaunchScreen;
				INFOPLIST_KEY_UIMainStoryboardFile = Main;
				INFOPLIST_KEY_UISupportedInterfaceOrientations_iPad = "UIInterfaceOrientationPortrait UIInterfaceOrientationPortraitUpsideDown UIInterfaceOrientationLandscapeLeft UIInterfaceOrientationLandscapeRight";
				INFOPLIST_KEY_UISupportedInterfaceOrientations_iPhone = "UIInterfaceOrientationPortrait UIInterfaceOrientationLandscapeLeft UIInterfaceOrientationLandscapeRight";
				LD_RUNPATH_SEARCH_PATHS = (
					"$(inherited)",
					"@executable_path/Frameworks",
				);
				MARKETING_VERSION = 1.0;
				PRODUCT_BUNDLE_IDENTIFIER = Components.iOSComponentDemo;
				PRODUCT_NAME = "$(TARGET_NAME)";
				SWIFT_EMIT_LOC_STRINGS = YES;
				SWIFT_VERSION = 5.0;
				TARGETED_DEVICE_FAMILY = "1,2";
			};
			name = Release;
		};
		090136EA288156D5006166B4 /* Debug */ = {
			isa = XCBuildConfiguration;
			baseConfigurationReference = 7E5D8A60354732CEE1E34015 /* Pods-iOSComponentDemoTests.debug.xcconfig */;
			buildSettings = {
				ALWAYS_EMBED_SWIFT_STANDARD_LIBRARIES = YES;
				BUNDLE_LOADER = "$(TEST_HOST)";
				CODE_SIGN_STYLE = Automatic;
				CURRENT_PROJECT_VERSION = 1;
				DEVELOPMENT_TEAM = YU6WB94747;
				GENERATE_INFOPLIST_FILE = YES;
				IPHONEOS_DEPLOYMENT_TARGET = 15.5;
				MARKETING_VERSION = 1.0;
				PRODUCT_BUNDLE_IDENTIFIER = Components.iOSComponentDemoTests;
				PRODUCT_NAME = "$(TARGET_NAME)";
				SWIFT_EMIT_LOC_STRINGS = NO;
				SWIFT_VERSION = 5.0;
				TARGETED_DEVICE_FAMILY = "1,2";
				TEST_HOST = "$(BUILT_PRODUCTS_DIR)/iOSComponentDemo.app/iOSComponentDemo";
			};
			name = Debug;
		};
		090136EB288156D5006166B4 /* Release */ = {
			isa = XCBuildConfiguration;
			baseConfigurationReference = 38A77D214B7A961E14893316 /* Pods-iOSComponentDemoTests.release.xcconfig */;
			buildSettings = {
				ALWAYS_EMBED_SWIFT_STANDARD_LIBRARIES = YES;
				BUNDLE_LOADER = "$(TEST_HOST)";
				CODE_SIGN_STYLE = Automatic;
				CURRENT_PROJECT_VERSION = 1;
				DEVELOPMENT_TEAM = YU6WB94747;
				GENERATE_INFOPLIST_FILE = YES;
				IPHONEOS_DEPLOYMENT_TARGET = 15.5;
				MARKETING_VERSION = 1.0;
				PRODUCT_BUNDLE_IDENTIFIER = Components.iOSComponentDemoTests;
				PRODUCT_NAME = "$(TARGET_NAME)";
				SWIFT_EMIT_LOC_STRINGS = NO;
				SWIFT_VERSION = 5.0;
				TARGETED_DEVICE_FAMILY = "1,2";
				TEST_HOST = "$(BUILT_PRODUCTS_DIR)/iOSComponentDemo.app/iOSComponentDemo";
			};
			name = Release;
		};
		090136ED288156D5006166B4 /* Debug */ = {
			isa = XCBuildConfiguration;
			baseConfigurationReference = 719C36780E412F4B8AA6E14B /* Pods-iOSComponentDemo-iOSComponentDemoUITests.debug.xcconfig */;
			buildSettings = {
				ALWAYS_EMBED_SWIFT_STANDARD_LIBRARIES = YES;
				CODE_SIGN_STYLE = Automatic;
				CURRENT_PROJECT_VERSION = 1;
				DEVELOPMENT_TEAM = YU6WB94747;
				GENERATE_INFOPLIST_FILE = YES;
				MARKETING_VERSION = 1.0;
				PRODUCT_BUNDLE_IDENTIFIER = Components.iOSComponentDemoUITests;
				PRODUCT_NAME = "$(TARGET_NAME)";
				SWIFT_EMIT_LOC_STRINGS = NO;
				SWIFT_VERSION = 5.0;
				TARGETED_DEVICE_FAMILY = "1,2";
				TEST_TARGET_NAME = iOSComponentDemo;
			};
			name = Debug;
		};
		090136EE288156D5006166B4 /* Release */ = {
			isa = XCBuildConfiguration;
			baseConfigurationReference = 7E6AAFD0531DB1C08DD0D277 /* Pods-iOSComponentDemo-iOSComponentDemoUITests.release.xcconfig */;
			buildSettings = {
				ALWAYS_EMBED_SWIFT_STANDARD_LIBRARIES = YES;
				CODE_SIGN_STYLE = Automatic;
				CURRENT_PROJECT_VERSION = 1;
				DEVELOPMENT_TEAM = YU6WB94747;
				GENERATE_INFOPLIST_FILE = YES;
				MARKETING_VERSION = 1.0;
				PRODUCT_BUNDLE_IDENTIFIER = Components.iOSComponentDemoUITests;
				PRODUCT_NAME = "$(TARGET_NAME)";
				SWIFT_EMIT_LOC_STRINGS = NO;
				SWIFT_VERSION = 5.0;
				TARGETED_DEVICE_FAMILY = "1,2";
				TEST_TARGET_NAME = iOSComponentDemo;
			};
			name = Release;
		};
/* End XCBuildConfiguration section */

/* Begin XCConfigurationList section */
		090136B7288156D4006166B4 /* Build configuration list for PBXProject "iOSComponentDemo" */ = {
			isa = XCConfigurationList;
			buildConfigurations = (
				090136E4288156D5006166B4 /* Debug */,
				090136E5288156D5006166B4 /* Release */,
			);
			defaultConfigurationIsVisible = 0;
			defaultConfigurationName = Release;
		};
		090136E6288156D5006166B4 /* Build configuration list for PBXNativeTarget "iOSComponentDemo" */ = {
			isa = XCConfigurationList;
			buildConfigurations = (
				090136E7288156D5006166B4 /* Debug */,
				090136E8288156D5006166B4 /* Release */,
			);
			defaultConfigurationIsVisible = 0;
			defaultConfigurationName = Release;
		};
		090136E9288156D5006166B4 /* Build configuration list for PBXNativeTarget "iOSComponentDemoTests" */ = {
			isa = XCConfigurationList;
			buildConfigurations = (
				090136EA288156D5006166B4 /* Debug */,
				090136EB288156D5006166B4 /* Release */,
			);
			defaultConfigurationIsVisible = 0;
			defaultConfigurationName = Release;
		};
		090136EC288156D5006166B4 /* Build configuration list for PBXNativeTarget "iOSComponentDemoUITests" */ = {
			isa = XCConfigurationList;
			buildConfigurations = (
				090136ED288156D5006166B4 /* Debug */,
				090136EE288156D5006166B4 /* Release */,
			);
			defaultConfigurationIsVisible = 0;
			defaultConfigurationName = Release;
		};
/* End XCConfigurationList section */
	};
	rootObject = 090136B4288156D4006166B4 /* Project object */;
}
